[[package]]
name = "annotated-types"
version = "0.7.0"
description = "Reusable constraint types to use with typing.Annotated"
category = "main"
optional = false
python-versions = ">=3.8"

[[package]]
name = "antlr4-python3-runtime"
version = "4.9.3"
description = "ANTLR 4.9.3 runtime for Python 3.7"
category = "dev"
optional = false
python-versions = "*"

[[package]]
name = "arrow"
version = "1.3.0"
description = "Better dates & times for Python"
category = "dev"
optional = false
python-versions = ">=3.8"

[package.dependencies]
python-dateutil = ">=2.7.0"
types-python-dateutil = ">=2.8.10"

[package.extras]
doc = ["doc8", "sphinx (>=7.0.0)", "sphinx-autobuild", "sphinx-autodoc-typehints", "sphinx_rtd_theme (>=1.3.0)"]
test = ["dateparser (>=1.0.0,<2.0.0)", "pre-commit", "pytest", "pytest-cov", "pytest-mock", "pytz (==2021.1)", "simplejson (>=3.0.0,<4.0.0)"]

[[package]]
name = "attrs"
version = "23.2.0"
description = "Classes Without Boilerplate"
category = "main"
optional = false
python-versions = ">=3.7"

[package.extras]
cov = ["attrs", "coverage[toml] (>=5.3)"]
dev = ["attrs", "pre-commit"]
docs = ["furo", "myst-parser", "sphinx", "sphinx-notfound-page", "sphinxcontrib-towncrier", "towncrier", "zope-interface"]
tests = ["attrs", "zope-interface"]
tests-mypy = ["mypy (>=1.6)", "pytest-mypy-plugins"]
tests-no-zope = ["attrs", "cloudpickle", "hypothesis", "pympler", "pytest-xdist", "pytest (>=4.3.0)"]

[[package]]
name = "beautifulsoup4"
version = "4.12.3"
description = "Screen-scraping library"
category = "dev"
optional = false
python-versions = ">=3.6.0"

[package.dependencies]
soupsieve = ">1.2"

[package.extras]
cchardet = ["cchardet"]
chardet = ["chardet"]
charset-normalizer = ["charset-normalizer"]
html5lib = ["html5lib"]
lxml = ["lxml"]

[[package]]
name = "bioregistry"
version = "0.11.10"
description = "Integrated registry of biological databases and nomenclatures"
category = "dev"
optional = false
python-versions = ">=3.8"

[package.dependencies]
click = "*"
curies = ">=0.7.0"
more-click = ">=0.1.2"
pydantic = "*"
pystow = ">=0.1.13"
requests = "*"
tqdm = "*"

[package.extras]
align = ["pyyaml", "beautifulsoup4", "tabulate", "defusedxml", "class-resolver", "fairsharing-client (>=0.1.0)", "pandas"]
charts = ["matplotlib", "matplotlib-venn", "seaborn", "pandas", "jinja2"]
docs = ["sphinx (<7.3)", "sphinx-rtd-theme", "sphinx-click", "sphinx-automodapi", "autodoc-pydantic"]
export = ["pyyaml", "rdflib", "rdflib-jsonld", "ndex2"]
gha = ["more-itertools"]
health = ["click-default-group", "pandas", "tabulate", "pyyaml", "jinja2"]
tests = ["coverage", "pytest", "more-itertools", "httpx"]
web = ["pyyaml", "rdflib", "rdflib-jsonld", "rdflib-endpoint", "flask (<2.2.4)", "werkzeug (<2.3.0)", "fastapi", "uvicorn", "bootstrap-flask (<=2.0.0)", "markdown", "curies"]

[[package]]
name = "cachetools"
version = "5.3.3"
description = "Extensible memoizing collections and decorators"
category = "dev"
optional = false
python-versions = ">=3.7"

[[package]]
name = "certifi"
version = "2024.7.4"
description = "Python package for providing Mozilla's CA Bundle."
category = "main"
optional = false
python-versions = ">=3.6"

[[package]]
name = "cfgraph"
version = "0.2.1"
description = "rdflib collections flattening graph"
category = "dev"
optional = false
python-versions = "*"

[package.dependencies]
rdflib = ">=0.4.2"

[[package]]
name = "chardet"
version = "5.2.0"
description = "Universal encoding detector for Python 3"
category = "dev"
optional = false
python-versions = ">=3.7"

[[package]]
name = "charset-normalizer"
version = "3.3.2"
description = "The Real First Universal Charset Detector. Open, modern and actively maintained alternative to Chardet."
category = "main"
optional = false
python-versions = ">=3.7.0"

[[package]]
name = "click"
version = "8.1.7"
description = "Composable command line interface toolkit"
category = "main"
optional = false
python-versions = ">=3.7"

[package.dependencies]
colorama = {version = "*", markers = "platform_system == \"Windows\""}

[[package]]
name = "colorama"
version = "0.4.6"
description = "Cross-platform colored terminal text."
category = "main"
optional = false
python-versions = "!=3.0.*,!=3.1.*,!=3.2.*,!=3.3.*,!=3.4.*,!=3.5.*,!=3.6.*,>=2.7"

[[package]]
name = "curies"
version = "0.7.9"
description = "Idiomatic conversion between URIs and compact URIs (CURIEs)."
category = "main"
optional = false
python-versions = ">=3.8"

[package.dependencies]
pydantic = "*"
pytrie = "*"
requests = "*"

[package.extras]
docs = ["sphinx", "sphinx-rtd-theme", "sphinx-automodapi"]
fastapi = ["fastapi", "python-multipart", "httpx", "defusedxml", "uvicorn"]
flask = ["flask", "defusedxml"]
pandas = ["pandas"]
rdflib = ["rdflib"]
tests = ["pytest", "coverage"]

[[package]]
name = "daff"
version = "1.3.46"
description = "Diff and patch tables"
category = "dev"
optional = false
python-versions = "*"

[[package]]
name = "deprecated"
version = "1.2.14"
description = "Python @deprecated decorator to deprecate old python classes, functions or methods."
category = "main"
optional = false
python-versions = ">=2.7, !=3.0.*, !=3.1.*, !=3.2.*, !=3.3.*"

[package.dependencies]
wrapt = ">=1.10,<2"

[package.extras]
dev = ["tox", "pytest", "pytest-cov", "bump2version (<1)", "sphinx (<2)"]

[[package]]
name = "editorconfig"
version = "0.12.4"
description = "EditorConfig File Locator and Interpreter for Python"
category = "dev"
optional = false
python-versions = "*"

[[package]]
name = "et-xmlfile"
version = "1.1.0"
description = "An implementation of lxml.xmlfile for the standard library"
category = "dev"
optional = false
python-versions = ">=3.6"

[[package]]
name = "exceptiongroup"
version = "1.2.1"
description = "Backport of PEP 654 (exception groups)"
category = "main"
optional = false
python-versions = ">=3.7"

[package.extras]
test = ["pytest (>=6)"]

[[package]]
name = "fqdn"
version = "1.5.1"
description = "Validates fully-qualified domain names against RFC 1123, so that they are acceptable to modern bowsers"
category = "dev"
optional = false
python-versions = ">=2.7, !=3.0, !=3.1, !=3.2, !=3.3, !=3.4, <4"

[[package]]
name = "ghp-import"
version = "2.1.0"
description = "Copy your docs directly to the gh-pages branch."
category = "dev"
optional = false
python-versions = "*"

[package.dependencies]
python-dateutil = ">=2.8.1"

[package.extras]
dev = ["twine", "markdown", "flake8", "wheel"]

[[package]]
name = "google"
version = "3.0.0"
description = "Python bindings to the Google search engine."
category = "dev"
optional = false
python-versions = "*"

[package.dependencies]
beautifulsoup4 = "*"

[[package]]
name = "google-api-core"
version = "2.19.1"
description = "Google API client core library"
category = "dev"
optional = false
python-versions = ">=3.7"

[package.dependencies]
google-auth = ">=2.14.1,<3.0.dev0"
googleapis-common-protos = ">=1.56.2,<2.0.dev0"
proto-plus = ">=1.22.3,<2.0.0dev"
protobuf = ">=3.19.5,<3.20.0 || >3.20.0,<3.20.1 || >3.20.1,<4.21.0 || >4.21.0,<4.21.1 || >4.21.1,<4.21.2 || >4.21.2,<4.21.3 || >4.21.3,<4.21.4 || >4.21.4,<4.21.5 || >4.21.5,<6.0.0.dev0"
requests = ">=2.18.0,<3.0.0.dev0"

[package.extras]
grpc = ["grpcio (>=1.33.2,<2.0dev)", "grpcio-status (>=1.33.2,<2.0.dev0)", "grpcio (>=1.49.1,<2.0dev)", "grpcio-status (>=1.49.1,<2.0.dev0)"]
grpcgcp = ["grpcio-gcp (>=0.2.2,<1.0.dev0)"]
grpcio-gcp = ["grpcio-gcp (>=0.2.2,<1.0.dev0)"]

[[package]]
name = "google-api-python-client"
version = "2.136.0"
description = "Google API Client Library for Python"
category = "dev"
optional = false
python-versions = ">=3.7"

[package.dependencies]
google-api-core = ">=1.31.5,<2.0.0 || >2.3.0,<3.0.0.dev0"
google-auth = ">=1.32.0,<2.24.0 || >2.24.0,<2.25.0 || >2.25.0,<3.0.0.dev0"
google-auth-httplib2 = ">=0.2.0,<1.0.0"
httplib2 = ">=0.19.0,<1.dev0"
uritemplate = ">=3.0.1,<5"

[[package]]
name = "google-auth"
version = "2.31.0"
description = "Google Authentication Library"
category = "dev"
optional = false
python-versions = ">=3.7"

[package.dependencies]
cachetools = ">=2.0.0,<6.0"
pyasn1-modules = ">=0.2.1"
rsa = ">=3.1.4,<5"

[package.extras]
aiohttp = ["aiohttp (>=3.6.2,<4.0.0.dev0)", "requests (>=2.20.0,<3.0.0.dev0)"]
enterprise-cert = ["cryptography (==36.0.2)", "pyopenssl (==22.0.0)"]
pyopenssl = ["pyopenssl (>=20.0.0)", "cryptography (>=38.0.3)"]
reauth = ["pyu2f (>=0.1.5)"]
requests = ["requests (>=2.20.0,<3.0.0.dev0)"]

[[package]]
name = "google-auth-httplib2"
version = "0.2.0"
description = "Google Authentication Library: httplib2 transport"
category = "dev"
optional = false
python-versions = "*"

[package.dependencies]
google-auth = "*"
httplib2 = ">=0.19.0"

[[package]]
name = "google-auth-oauthlib"
version = "1.2.0"
description = "Google Authentication Library"
category = "dev"
optional = false
python-versions = ">=3.6"

[package.dependencies]
google-auth = ">=2.15.0"
requests-oauthlib = ">=0.7.0"

[package.extras]
tool = ["click (>=6.0.0)"]

[[package]]
name = "googleapis-common-protos"
version = "1.63.2"
description = "Common protobufs used in Google APIs"
category = "dev"
optional = false
python-versions = ">=3.7"

[package.dependencies]
protobuf = ">=3.20.2,<4.21.1 || >4.21.1,<4.21.2 || >4.21.2,<4.21.3 || >4.21.3,<4.21.4 || >4.21.4,<4.21.5 || >4.21.5,<6.0.0.dev0"

[package.extras]
grpc = ["grpcio (>=1.44.0,<2.0.0.dev0)"]

[[package]]
name = "graphviz"
version = "0.20.3"
description = "Simple Python interface for Graphviz"
category = "dev"
optional = false
python-versions = ">=3.8"

[package.extras]
dev = ["tox (>=3)", "flake8", "pep8-naming", "wheel", "twine"]
docs = ["sphinx (>=5,<7)", "sphinx-autodoc-typehints", "sphinx-rtd-theme"]
test = ["pytest (>=7,<8.1)", "pytest-mock (>=3)", "pytest-cov", "coverage"]

[[package]]
name = "greenlet"
version = "3.0.3"
description = "Lightweight in-process concurrent programming"
category = "dev"
optional = false
python-versions = ">=3.7"

[package.extras]
docs = ["sphinx", "furo"]
test = ["objgraph", "psutil"]

[[package]]
name = "gspread"
version = "6.1.2"
description = "Google Spreadsheets Python API"
category = "dev"
optional = false
python-versions = ">=3.8"

[package.dependencies]
google-auth = ">=1.12.0"
google-auth-oauthlib = ">=0.4.1"

[[package]]
name = "gspread-formatting"
version = "1.2.0"
description = "Complete Google Sheets formatting support for gspread worksheets"
category = "dev"
optional = false
python-versions = "*"

[package.dependencies]
gspread = ">=3.0.0"

[[package]]
name = "hbreader"
version = "0.9.1"
description = "Honey Badger reader - a generic file/url/string open and read tool"
category = "main"
optional = false
python-versions = ">=3.7"

[[package]]
name = "httplib2"
version = "0.22.0"
description = "A comprehensive HTTP client library."
category = "dev"
optional = false
python-versions = ">=2.7, !=3.0.*, !=3.1.*, !=3.2.*, !=3.3.*"

[package.dependencies]
pyparsing = {version = ">=2.4.2,<3.0.0 || >3.0.0,<3.0.1 || >3.0.1,<3.0.2 || >3.0.2,<3.0.3 || >3.0.3,<4", markers = "python_version > \"3.0\""}

[[package]]
name = "idna"
version = "3.7"
description = "Internationalized Domain Names in Applications (IDNA)"
category = "main"
optional = false
python-versions = ">=3.5"

[[package]]
name = "importlib-metadata"
version = "8.0.0"
description = "Read metadata from Python packages"
category = "dev"
optional = false
python-versions = ">=3.8"

[package.dependencies]
zipp = ">=0.5"

[package.extras]
doc = ["sphinx (>=3.5)", "jaraco.packaging (>=9.3)", "rst.linker (>=1.9)", "furo", "sphinx-lint", "jaraco.tidelift (>=1.4)"]
perf = ["ipython"]
test = ["pytest (>=6,<8.1.0 || >=8.2.0)", "pytest-checkdocs (>=2.4)", "pytest-cov", "pytest-mypy", "pytest-enabler (>=2.2)", "pytest-ruff (>=0.2.1)", "packaging", "pyfakefs", "flufl.flake8", "pytest-perf (>=0.9.2)", "jaraco.test (>=5.4)", "importlib-resources (>=1.3)"]

[[package]]
name = "iniconfig"
version = "2.0.0"
description = "brain-dead simple config-ini parsing"
category = "main"
optional = false
python-versions = ">=3.7"

[[package]]
name = "isodate"
version = "0.6.1"
description = "An ISO 8601 date/time/duration parser and formatter"
category = "main"
optional = false
python-versions = "*"

[package.dependencies]
six = "*"

[[package]]
name = "isoduration"
version = "20.11.0"
description = "Operations with ISO 8601 durations"
category = "dev"
optional = false
python-versions = ">=3.7"

[package.dependencies]
arrow = ">=0.15.0"

[[package]]
name = "jinja2"
version = "3.1.4"
description = "A very fast and expressive template engine."
category = "dev"
optional = false
python-versions = ">=3.7"

[package.dependencies]
MarkupSafe = ">=2.0"

[package.extras]
i18n = ["Babel (>=2.7)"]

[[package]]
name = "jsbeautifier"
version = "1.15.1"
description = "JavaScript unobfuscator and beautifier."
category = "dev"
optional = false
python-versions = "*"

[package.dependencies]
editorconfig = ">=0.12.2"
six = ">=1.13.0"

[[package]]
name = "json-flattener"
version = "0.1.9"
description = "Python library for denormalizing nested dicts or json objects to tables and back"
category = "main"
optional = false
python-versions = ">=3.7.0"

[package.dependencies]
click = "*"
pyyaml = "*"

[[package]]
name = "jsonasobj"
version = "2.0.1"
description = "JSON as python objects"
category = "dev"
optional = false
python-versions = ">=3.6"

[package.dependencies]
hbreader = "*"

[[package]]
name = "jsonasobj2"
version = "1.0.4"
description = "JSON as python objects - version 2"
category = "main"
optional = false
python-versions = ">=3.6"

[package.dependencies]
hbreader = "*"

[[package]]
name = "jsonpatch"
version = "1.33"
description = "Apply JSON-Patches (RFC 6902)"
category = "dev"
optional = false
python-versions = ">=2.7, !=3.0.*, !=3.1.*, !=3.2.*, !=3.3.*, !=3.4.*, !=3.5.*, !=3.6.*"

[package.dependencies]
jsonpointer = ">=1.9"

[[package]]
name = "jsonpath-ng"
version = "1.6.1"
description = "A final implementation of JSONPath for Python that aims to be standard compliant, including arithmetic and binary comparison operators and providing clear AST for metaprogramming."
category = "dev"
optional = false
python-versions = "*"

[package.dependencies]
ply = "*"

[[package]]
name = "jsonpointer"
version = "3.0.0"
description = "Identify specific nodes in a JSON document (RFC 6901)"
category = "dev"
optional = false
python-versions = ">=3.7"

[[package]]
name = "jsonschema"
version = "4.23.0"
description = "An implementation of JSON Schema validation for Python"
category = "main"
optional = false
python-versions = ">=3.8"

[package.dependencies]
attrs = ">=22.2.0"
fqdn = {version = "*", optional = true, markers = "extra == \"format\""}
idna = {version = "*", optional = true, markers = "extra == \"format\""}
isoduration = {version = "*", optional = true, markers = "extra == \"format\""}
jsonpointer = {version = ">1.13", optional = true, markers = "extra == \"format\""}
jsonschema-specifications = ">=2023.03.6"
referencing = ">=0.28.4"
rfc3339-validator = {version = "*", optional = true, markers = "extra == \"format\""}
rfc3987 = {version = "*", optional = true, markers = "extra == \"format\""}
rpds-py = ">=0.7.1"
uri-template = {version = "*", optional = true, markers = "extra == \"format\""}
webcolors = {version = ">=1.11", optional = true, markers = "extra == \"format\""}

[package.extras]
format = ["fqdn", "idna", "isoduration", "jsonpointer (>1.13)", "rfc3339-validator", "rfc3987", "uri-template", "webcolors (>=1.11)"]
format-nongpl = ["fqdn", "idna", "isoduration", "jsonpointer (>1.13)", "rfc3339-validator", "rfc3986-validator (>0.1.0)", "uri-template", "webcolors (>=24.6.0)"]

[[package]]
name = "jsonschema-specifications"
version = "2023.12.1"
description = "The JSON Schema meta-schemas and vocabularies, exposed as a Registry"
category = "main"
optional = false
python-versions = ">=3.8"

[package.dependencies]
referencing = ">=0.31.0"

[[package]]
name = "linkml"
version = "1.8.1"
description = "Linked Open Data Modeling Language"
category = "dev"
optional = false
python-versions = "<4.0.0,>=3.8.1"

[package.dependencies]
antlr4-python3-runtime = ">=4.9.0,<4.10"
click = ">=7.0"
graphviz = ">=0.10.1"
hbreader = "*"
isodate = ">=0.6.0"
jinja2 = ">=3.1.0"
jsonasobj2 = ">=1.0.3,<2.0.0"
jsonschema = {version = ">=4.0.0", extras = ["format"]}
linkml-dataops = "*"
linkml-runtime = "1.8.0"
openpyxl = "*"
parse = "*"
prefixcommons = ">=0.1.7"
prefixmaps = ">=0.2.2"
pydantic = ">=1.0.0,<3.0.0"
pyjsg = ">=0.11.6"
pyshex = ">=0.7.20"
pyshexc = ">=0.8.3"
python-dateutil = "*"
pyyaml = "*"
rdflib = ">=6.0.0"
requests = ">=2.22"
sqlalchemy = ">=1.4.31"
watchdog = ">=0.9.0"

[package.extras]
black = ["black (>=24.0.0)"]
tests = ["black (>=24.0.0)", "pyshacl (>=0.25.0,<0.26.0)"]
shacl = ["pyshacl (>=0.25.0,<0.26.0)"]

[[package]]
name = "linkml-dataops"
version = "0.1.0"
description = "LinkML Data Operations API"
category = "dev"
optional = false
python-versions = ">=3.7"

[package.dependencies]
jinja2 = "*"
jsonpatch = "*"
jsonpath-ng = "*"
linkml-runtime = ">=1.1.6"
"ruamel.yaml" = "*"

[[package]]
name = "linkml-runtime"
version = "1.8.0"
description = "Runtime environment for LinkML, the Linked open data modeling language"
category = "main"
optional = false
python-versions = "<4.0,>=3.8"

[package.dependencies]
click = "*"
curies = ">=0.5.4"
deprecated = "*"
hbreader = "*"
json-flattener = ">=0.1.9"
jsonasobj2 = ">=1.0.4,<2.dev0"
jsonschema = ">=3.2.0"
prefixcommons = ">=0.1.12"
prefixmaps = ">=0.1.4"
pydantic = ">=1.10.2,<3.0.0"
pyyaml = "*"
rdflib = ">=6.0.0"
requests = "*"

[[package]]
name = "markdown"
version = "3.6"
description = "Python implementation of John Gruber's Markdown."
category = "dev"
optional = false
python-versions = ">=3.8"

[package.dependencies]
importlib-metadata = {version = ">=4.4", markers = "python_version < \"3.10\""}

[package.extras]
docs = ["mkdocs (>=1.5)", "mkdocs-nature (>=0.6)", "mdx-gh-links (>=0.2)", "mkdocstrings", "mkdocs-gen-files", "mkdocs-section-index", "mkdocs-literate-nav"]
testing = ["coverage", "pyyaml"]

[[package]]
name = "markupsafe"
version = "2.1.5"
description = "Safely add untrusted strings to HTML/XML markup."
category = "dev"
optional = false
python-versions = ">=3.7"

[[package]]
name = "mergedeep"
version = "1.3.4"
description = "A deep merge function for 🐍."
category = "dev"
optional = false
python-versions = ">=3.6"

[[package]]
name = "mkdocs"
version = "1.6.0"
description = "Project documentation with Markdown."
category = "dev"
optional = false
python-versions = ">=3.8"

[package.dependencies]
click = ">=7.0"
colorama = {version = ">=0.4", markers = "platform_system == \"Windows\""}
ghp-import = ">=1.0"
importlib-metadata = {version = ">=4.4", markers = "python_version < \"3.10\""}
jinja2 = ">=2.11.1"
markdown = ">=3.3.6"
markupsafe = ">=2.0.1"
mergedeep = ">=1.3.4"
mkdocs-get-deps = ">=0.2.0"
packaging = ">=20.5"
pathspec = ">=0.11.1"
pyyaml = ">=5.1"
pyyaml-env-tag = ">=0.1"
watchdog = ">=2.0"

[package.extras]
i18n = ["babel (>=2.9.0)"]
min-versions = ["babel (==2.9.0)", "click (==7.0)", "colorama (==0.4)", "ghp-import (==1.0)", "importlib-metadata (==4.4)", "jinja2 (==2.11.1)", "markdown (==3.3.6)", "markupsafe (==2.0.1)", "mergedeep (==1.3.4)", "mkdocs-get-deps (==0.2.0)", "packaging (==20.5)", "pathspec (==0.11.1)", "pyyaml-env-tag (==0.1)", "pyyaml (==5.1)", "watchdog (==2.0)"]

[[package]]
name = "mkdocs-get-deps"
version = "0.2.0"
description = "MkDocs extension that lists all dependencies according to a mkdocs.yml file"
category = "dev"
optional = false
python-versions = ">=3.8"

[package.dependencies]
importlib-metadata = {version = ">=4.3", markers = "python_version < \"3.10\""}
mergedeep = ">=1.3.4"
platformdirs = ">=2.2.0"
pyyaml = ">=5.1"

[[package]]
name = "mkdocs-material"
version = "8.5.11"
description = "Documentation that simply works"
category = "dev"
optional = false
python-versions = ">=3.7"

[package.dependencies]
jinja2 = ">=3.0.2"
markdown = ">=3.2"
mkdocs = ">=1.4.0"
mkdocs-material-extensions = ">=1.1"
pygments = ">=2.12"
pymdown-extensions = ">=9.4"
requests = ">=2.26"

[[package]]
name = "mkdocs-material-extensions"
version = "1.3.1"
description = "Extension pack for Python Markdown and MkDocs Material."
category = "dev"
optional = false
python-versions = ">=3.8"

[[package]]
name = "mkdocs-mermaid2-plugin"
version = "1.1.1"
description = "A MkDocs plugin for including mermaid graphs in markdown sources"
category = "dev"
optional = false
python-versions = ">=3.6"

[package.dependencies]
beautifulsoup4 = ">=4.6.3"
jsbeautifier = "*"
mkdocs = ">=1.0.4"
pymdown-extensions = ">=8.0"
requests = "*"

[package.extras]
test = ["mkdocs-material"]

[[package]]
name = "more-click"
version = "0.1.2"
description = "More click."
category = "dev"
optional = false
python-versions = ">=3.7"

[package.dependencies]
click = "*"

[package.extras]
tests = ["coverage", "pytest"]

[[package]]
name = "oauthlib"
version = "3.2.2"
description = "A generic, spec-compliant, thorough implementation of the OAuth request-signing logic"
category = "dev"
optional = false
python-versions = ">=3.6"

[package.extras]
rsa = ["cryptography (>=3.0.0)"]
signals = ["blinker (>=1.4.0)"]
signedtoken = ["cryptography (>=3.0.0)", "pyjwt (>=2.0.0,<3)"]

[[package]]
name = "ontodev-cogs"
version = "0.3.3"
description = "COGS Operates Google Sheets"
category = "dev"
optional = false
python-versions = ">=3.6, <4"

[package.dependencies]
daff = "*"
google = "*"
google-api-python-client = "*"
gspread = "*"
gspread-formatting = "*"
requests = "*"
tabulate = "*"
termcolor = "*"

[[package]]
name = "openpyxl"
version = "3.1.5"
description = "A Python library to read/write Excel 2010 xlsx/xlsm files"
category = "dev"
optional = false
python-versions = ">=3.8"

[package.dependencies]
et-xmlfile = "*"

[[package]]
name = "packaging"
version = "24.1"
description = "Core utilities for Python packages"
category = "main"
optional = false
python-versions = ">=3.8"

[[package]]
name = "parse"
version = "1.20.2"
description = "parse() is the opposite of format()"
category = "dev"
optional = false
python-versions = "*"

[[package]]
name = "pathspec"
version = "0.12.1"
description = "Utility library for gitignore style pattern matching of file paths."
category = "dev"
optional = false
python-versions = ">=3.8"

[[package]]
name = "platformdirs"
version = "4.2.2"
description = "A small Python package for determining appropriate platform-specific dirs, e.g. a `user data dir`."
category = "dev"
optional = false
python-versions = ">=3.8"

[package.extras]
docs = ["furo (>=2023.9.10)", "proselint (>=0.13)", "sphinx-autodoc-typehints (>=1.25.2)", "sphinx (>=7.2.6)"]
test = ["appdirs (==1.4.4)", "covdefaults (>=2.3)", "pytest-cov (>=4.1)", "pytest-mock (>=3.12)", "pytest (>=7.4.3)"]
type = ["mypy (>=1.8)"]

[[package]]
name = "pluggy"
version = "1.5.0"
description = "plugin and hook calling mechanisms for python"
category = "main"
optional = false
python-versions = ">=3.8"

[package.extras]
dev = ["pre-commit", "tox"]
testing = ["pytest", "pytest-benchmark"]

[[package]]
name = "ply"
version = "3.11"
description = "Python Lex & Yacc"
category = "dev"
optional = false
python-versions = "*"

[[package]]
name = "prefixcommons"
version = "0.1.12"
description = "A python API for working with ID prefixes"
category = "main"
optional = false
python-versions = ">=3.7,<4.0"

[package.dependencies]
click = ">=8.1.3,<9.0.0"
pytest-logging = ">=2015.11.4,<2016.0.0"
PyYAML = ">=6.0,<7.0"
requests = ">=2.28.1,<3.0.0"

[[package]]
name = "prefixmaps"
version = "0.2.4"
description = "A python library for retrieving semantic prefix maps"
category = "main"
optional = false
python-versions = "<4.0,>=3.8"

[package.dependencies]
curies = ">=0.5.3"
pyyaml = ">=5.3.1"

[[package]]
name = "proto-plus"
version = "1.24.0"
description = "Beautiful, Pythonic protocol buffers."
category = "dev"
optional = false
python-versions = ">=3.7"

[package.dependencies]
protobuf = ">=3.19.0,<6.0.0dev"

[package.extras]
testing = ["google-api-core (>=1.31.5)"]

[[package]]
name = "protobuf"
version = "5.27.2"
description = ""
category = "dev"
optional = false
python-versions = ">=3.8"

[[package]]
name = "pyasn1"
version = "0.6.0"
description = "Pure-Python implementation of ASN.1 types and DER/BER/CER codecs (X.208)"
category = "dev"
optional = false
python-versions = ">=3.8"

[[package]]
name = "pyasn1-modules"
version = "0.4.0"
description = "A collection of ASN.1-based protocols modules"
category = "dev"
optional = false
python-versions = ">=3.8"

[package.dependencies]
pyasn1 = ">=0.4.6,<0.7.0"

[[package]]
name = "pydantic"
version = "2.8.2"
description = "Data validation using Python type hints"
category = "main"
optional = false
python-versions = ">=3.8"

[package.dependencies]
annotated-types = ">=0.4.0"
pydantic-core = "2.20.1"
typing-extensions = [
    {version = ">=4.12.2", markers = "python_version >= \"3.13\""},
    {version = ">=4.6.1", markers = "python_version < \"3.13\""},
]

[package.extras]
email = ["email-validator (>=2.0.0)"]

[[package]]
name = "pydantic-core"
version = "2.20.1"
description = "Core functionality for Pydantic validation and serialization"
category = "main"
optional = false
python-versions = ">=3.8"

[package.dependencies]
typing-extensions = ">=4.6.0,<4.7.0 || >4.7.0"

[[package]]
name = "pygments"
version = "2.18.0"
description = "Pygments is a syntax highlighting package written in Python."
category = "dev"
optional = false
python-versions = ">=3.8"

[package.extras]
windows-terminal = ["colorama (>=0.4.6)"]

[[package]]
name = "pyjsg"
version = "0.11.10"
description = "Python JSON Schema Grammar interpreter"
category = "dev"
optional = false
python-versions = "*"

[package.dependencies]
antlr4-python3-runtime = ">=4.9.3,<4.10.0"
jsonasobj = ">=1.2.1"

[[package]]
name = "pymdown-extensions"
version = "10.8.1"
description = "Extension pack for Python Markdown."
category = "dev"
optional = false
python-versions = ">=3.8"

[package.dependencies]
markdown = ">=3.6"
pyyaml = "*"

[package.extras]
extra = ["pygments (>=2.12)"]

[[package]]
name = "pyparsing"
version = "3.1.2"
description = "pyparsing module - Classes and methods to define and execute parsing grammars"
category = "main"
optional = false
python-versions = ">=3.6.8"

[package.extras]
diagrams = ["railroad-diagrams", "jinja2"]

[[package]]
name = "pyshex"
version = "0.8.1"
description = "Python ShEx Implementation"
category = "dev"
optional = false
python-versions = ">=3.6"

[package.dependencies]
cfgraph = ">=0.2.1"
chardet = "*"
pyshexc = "0.9.1"
rdflib-shim = "*"
requests = ">=2.22.0"
shexjsg = ">=0.8.2"
sparqlslurper = ">=0.5.1"
sparqlwrapper = ">=1.8.5"
urllib3 = "*"

[[package]]
name = "pyshexc"
version = "0.9.1"
description = "PyShExC - Python ShEx compiler"
category = "dev"
optional = false
python-versions = ">=3.7"

[package.dependencies]
antlr4-python3-runtime = ">=4.9.3,<4.10.0"
chardet = "*"
jsonasobj = ">=1.2.1"
pyjsg = ">=0.11.10"
rdflib-shim = "*"
shexjsg = ">=0.8.1"

[[package]]
name = "pystow"
version = "0.5.4"
description = "Easily pick a place to store data for your python package."
category = "dev"
optional = false
python-versions = ">=3.7"

[package.dependencies]
click = "*"
requests = "*"
tqdm = "*"

[package.extras]
aws = ["boto3"]
docs = ["sphinx", "sphinx-rtd-theme", "sphinx-click", "sphinx-autodoc-typehints", "sphinx-automodapi"]
pandas = ["pandas"]
rdf = ["rdflib"]
tests = ["coverage", "pytest", "requests-file"]
xml = ["lxml"]

[[package]]
name = "pytest"
version = "8.2.2"
description = "pytest: simple powerful testing with Python"
category = "main"
optional = false
python-versions = ">=3.8"

[package.dependencies]
colorama = {version = "*", markers = "sys_platform == \"win32\""}
exceptiongroup = {version = ">=1.0.0rc8", markers = "python_version < \"3.11\""}
iniconfig = "*"
packaging = "*"
pluggy = ">=1.5,<2.0"
tomli = {version = ">=1", markers = "python_version < \"3.11\""}

[package.extras]
dev = ["argcomplete", "attrs (>=19.2)", "hypothesis (>=3.56)", "mock", "pygments (>=2.7.2)", "requests", "setuptools", "xmlschema"]

[[package]]
name = "pytest-logging"
version = "2015.11.4"
description = "Configures logging and allows tweaking the log level with a py.test flag"
category = "main"
optional = false
python-versions = "*"

[package.dependencies]
pytest = ">=2.8.1"

[[package]]
name = "python-dateutil"
version = "2.9.0.post0"
description = "Extensions to the standard Python datetime module"
category = "dev"
optional = false
python-versions = "!=3.0.*,!=3.1.*,!=3.2.*,>=2.7"

[package.dependencies]
six = ">=1.5"

[[package]]
name = "pytrie"
version = "0.4.0"
description = "A pure Python implementation of the trie data structure."
category = "main"
optional = false
python-versions = "*"

[package.dependencies]
sortedcontainers = "*"

[[package]]
name = "pyyaml"
version = "6.0.1"
description = "YAML parser and emitter for Python"
category = "main"
optional = false
python-versions = ">=3.6"

[[package]]
name = "pyyaml-env-tag"
version = "0.1"
description = "A custom YAML tag for referencing environment variables in YAML files. "
category = "dev"
optional = false
python-versions = ">=3.6"

[package.dependencies]
pyyaml = "*"

[[package]]
name = "rdflib"
version = "7.0.0"
description = "RDFLib is a Python library for working with RDF, a simple yet powerful language for representing information."
category = "main"
optional = false
python-versions = ">=3.8.1,<4.0.0"

[package.dependencies]
isodate = ">=0.6.0,<0.7.0"
pyparsing = ">=2.1.0,<4"

[package.extras]
berkeleydb = ["berkeleydb (>=18.1.0,<19.0.0)"]
networkx = ["networkx (>=2.0.0,<3.0.0)"]
html = ["html5lib (>=1.0,<2.0)"]
lxml = ["lxml (>=4.3.0,<5.0.0)"]

[[package]]
name = "rdflib-jsonld"
version = "0.6.1"
description = "rdflib extension adding JSON-LD parser and serializer"
category = "dev"
optional = false
python-versions = "*"

[package.dependencies]
rdflib = ">=5.0.0"

[[package]]
name = "rdflib-shim"
version = "1.0.3"
description = "Shim for rdflib 5 and 6 incompatibilities"
category = "dev"
optional = false
python-versions = ">=3.7"

[package.dependencies]
rdflib = ">=5.0.0"
rdflib-jsonld = "0.6.1"

[[package]]
name = "referencing"
version = "0.35.1"
description = "JSON Referencing + Python"
category = "main"
optional = false
python-versions = ">=3.8"

[package.dependencies]
attrs = ">=22.2.0"
rpds-py = ">=0.7.0"

[[package]]
name = "requests"
version = "2.32.3"
description = "Python HTTP for Humans."
category = "main"
optional = false
python-versions = ">=3.8"

[package.dependencies]
certifi = ">=2017.4.17"
charset-normalizer = ">=2,<4"
idna = ">=2.5,<4"
urllib3 = ">=1.21.1,<3"

[package.extras]
socks = ["PySocks (>=1.5.6,!=1.5.7)"]
use-chardet-on-py3 = ["chardet (>=3.0.2,<6)"]

[[package]]
name = "requests-oauthlib"
version = "2.0.0"
description = "OAuthlib authentication support for Requests."
category = "dev"
optional = false
python-versions = ">=3.4"

[package.dependencies]
oauthlib = ">=3.0.0"
requests = ">=2.0.0"

[package.extras]
rsa = ["oauthlib[signedtoken] (>=3.0.0)"]

[[package]]
name = "rfc3339-validator"
version = "0.1.4"
description = "A pure python RFC3339 validator"
category = "dev"
optional = false
python-versions = ">=2.7, !=3.0.*, !=3.1.*, !=3.2.*, !=3.3.*, !=3.4.*"

[package.dependencies]
six = "*"

[[package]]
name = "rfc3987"
version = "1.3.8"
description = "Parsing and validation of URIs (RFC 3986) and IRIs (RFC 3987)"
category = "dev"
optional = false
python-versions = "*"

[[package]]
name = "rpds-py"
version = "0.19.0"
description = "Python bindings to Rust's persistent data structures (rpds)"
category = "main"
optional = false
python-versions = ">=3.8"

[[package]]
name = "rsa"
version = "4.9"
description = "Pure-Python RSA implementation"
category = "dev"
optional = false
python-versions = ">=3.6,<4"

[package.dependencies]
pyasn1 = ">=0.1.3"

[[package]]
name = "ruamel.yaml"
version = "0.18.6"
description = "ruamel.yaml is a YAML parser/emitter that supports roundtrip preservation of comments, seq/map flow style, and map key order"
category = "dev"
optional = false
python-versions = ">=3.7"

[package.dependencies]
"ruamel.yaml.clib" = {version = ">=0.2.7", markers = "platform_python_implementation == \"CPython\" and python_version < \"3.13\""}

[package.extras]
docs = ["ryd", "mercurial (>5.7)"]
jinja2 = ["ruamel.yaml.jinja2 (>=0.2)"]

[[package]]
name = "ruamel.yaml.clib"
version = "0.2.8"
description = "C version of reader, parser and emitter for ruamel.yaml derived from libyaml"
category = "dev"
optional = false
python-versions = ">=3.6"

[[package]]
name = "schemasheets"
version = "0.1.24"
description = "Package to author schemas using spreadsheets"
category = "dev"
optional = false
python-versions = ">=3.9,<4.0"

[package.dependencies]
bioregistry = ">0.5.0"
Jinja2 = ">=3.0.3"
linkml = ">=1.5.0"
linkml-runtime = ">=1.5.0"
ontodev-cogs = ">=0.3.3,<0.4.0"

[[package]]
name = "shexjsg"
version = "0.8.2"
description = "ShExJSG - Astract Syntax Tree for the ShEx 2.0 language"
category = "dev"
optional = false
python-versions = "*"

[package.dependencies]
pyjsg = ">=0.11.10"

[[package]]
name = "six"
version = "1.16.0"
description = "Python 2 and 3 compatibility utilities"
category = "main"
optional = false
python-versions = ">=2.7, !=3.0.*, !=3.1.*, !=3.2.*"

[[package]]
name = "sortedcontainers"
version = "2.4.0"
description = "Sorted Containers -- Sorted List, Sorted Dict, Sorted Set"
category = "main"
optional = false
python-versions = "*"

[[package]]
name = "soupsieve"
version = "2.5"
description = "A modern CSS selector implementation for Beautiful Soup."
category = "dev"
optional = false
python-versions = ">=3.8"

[[package]]
name = "sparqlslurper"
version = "0.5.1"
description = "SPARQL Slurper for rdflib"
category = "dev"
optional = false
python-versions = ">=3.7.4"

[package.dependencies]
rdflib = ">=5.0.0"
rdflib-shim = "*"
sparqlwrapper = ">=1.8.2"

[[package]]
name = "sparqlwrapper"
version = "2.0.0"
description = "SPARQL Endpoint interface to Python"
category = "dev"
optional = false
python-versions = ">=3.7"

[package.dependencies]
rdflib = ">=6.1.1"

[package.extras]
dev = ["setuptools (>=3.7.1)", "mypy (>=0.931)", "pandas (>=1.3.5)", "pandas-stubs (>=1.2.0.48)"]
docs = ["sphinx (<5)", "sphinx-rtd-theme"]
keepalive = ["keepalive (>=0.5)"]
pandas = ["pandas (>=1.3.5)"]

[[package]]
name = "sqlalchemy"
version = "2.0.31"
description = "Database Abstraction Library"
category = "dev"
optional = false
python-versions = ">=3.7"

[package.dependencies]
greenlet = {version = "!=0.4.17", markers = "python_version < \"3.13\" and (platform_machine == \"aarch64\" or platform_machine == \"ppc64le\" or platform_machine == \"x86_64\" or platform_machine == \"amd64\" or platform_machine == \"AMD64\" or platform_machine == \"win32\" or platform_machine == \"WIN32\")"}
typing-extensions = ">=4.6.0"

[package.extras]
asyncio = ["greenlet (!=0.4.17)"]
mypy = ["mypy (>=0.910)"]
mssql = ["pyodbc"]
mssql-pymssql = ["pymssql"]
mssql-pyodbc = ["pyodbc"]
mysql = ["mysqlclient (>=1.4.0)"]
mysql-connector = ["mysql-connector-python"]
mariadb-connector = ["mariadb (>=1.0.1,!=1.1.2,!=1.1.5)"]
oracle = ["cx_oracle (>=8)"]
oracle-oracledb = ["oracledb (>=1.0.1)"]
postgresql = ["psycopg2 (>=2.7)"]
postgresql-pg8000 = ["pg8000 (>=1.29.1)"]
postgresql-asyncpg = ["greenlet (!=0.4.17)", "asyncpg"]
postgresql-psycopg2binary = ["psycopg2-binary"]
postgresql-psycopg2cffi = ["psycopg2cffi"]
postgresql-psycopg = ["psycopg (>=3.0.7)"]
postgresql-psycopgbinary = ["psycopg[binary] (>=3.0.7)"]
pymysql = ["pymysql"]
aiomysql = ["greenlet (!=0.4.17)", "aiomysql (>=0.2.0)"]
aioodbc = ["greenlet (!=0.4.17)", "aioodbc"]
asyncmy = ["greenlet (!=0.4.17)", "asyncmy (>=0.2.3,!=0.2.4,!=0.2.6)"]
aiosqlite = ["greenlet (!=0.4.17)", "aiosqlite", "typing_extensions (!=3.10.0.1)"]
sqlcipher = ["sqlcipher3-binary"]

[[package]]
name = "tabulate"
version = "0.9.0"
description = "Pretty-print tabular data"
category = "dev"
optional = false
python-versions = ">=3.7"

[package.extras]
widechars = ["wcwidth"]

[[package]]
name = "termcolor"
version = "2.4.0"
description = "ANSI color formatting for output in terminal"
category = "dev"
optional = false
python-versions = ">=3.8"

[package.extras]
tests = ["pytest", "pytest-cov"]

[[package]]
name = "tomli"
version = "2.0.1"
description = "A lil' TOML parser"
category = "main"
optional = false
python-versions = ">=3.7"

[[package]]
name = "tqdm"
version = "4.66.4"
description = "Fast, Extensible Progress Meter"
category = "dev"
optional = false
python-versions = ">=3.7"

[package.dependencies]
colorama = {version = "*", markers = "platform_system == \"Windows\""}

[package.extras]
dev = ["pytest (>=6)", "pytest-cov", "pytest-timeout", "pytest-xdist"]
notebook = ["ipywidgets (>=6)"]
slack = ["slack-sdk"]
telegram = ["requests"]

[[package]]
name = "types-python-dateutil"
version = "2.9.0.20240316"
description = "Typing stubs for python-dateutil"
category = "dev"
optional = false
python-versions = ">=3.8"

[[package]]
name = "typing-extensions"
version = "4.12.2"
description = "Backported and Experimental Type Hints for Python 3.8+"
category = "main"
optional = false
python-versions = ">=3.8"

[[package]]
name = "uri-template"
version = "1.3.0"
description = "RFC 6570 URI Template Processor"
category = "dev"
optional = false
python-versions = ">=3.7"

[package.extras]
dev = ["types-pyyaml", "mypy", "flake8", "flake8-annotations", "flake8-bandit", "flake8-bugbear", "flake8-commas", "flake8-comprehensions", "flake8-continuation", "flake8-datetimez", "flake8-docstrings", "flake8-import-order", "flake8-literal", "flake8-modern-annotations", "flake8-noqa", "flake8-pyproject", "flake8-requirements", "flake8-typechecking-import", "flake8-use-fstring", "pep8-naming"]

[[package]]
name = "uritemplate"
version = "4.1.1"
description = "Implementation of RFC 6570 URI Templates"
category = "dev"
optional = false
python-versions = ">=3.6"

[[package]]
name = "urllib3"
version = "2.2.2"
description = "HTTP library with thread-safe connection pooling, file post, and more."
category = "main"
optional = false
python-versions = ">=3.8"

[package.extras]
brotli = ["brotli (>=1.0.9)", "brotlicffi (>=0.8.0)"]
h2 = ["h2 (>=4,<5)"]
socks = ["pysocks (>=1.5.6,!=1.5.7,<2.0)"]
zstd = ["zstandard (>=0.18.0)"]

[[package]]
name = "watchdog"
version = "4.0.1"
description = "Filesystem events monitoring"
category = "dev"
optional = false
python-versions = ">=3.8"

[package.extras]
watchmedo = ["PyYAML (>=3.10)"]

[[package]]
name = "webcolors"
version = "24.6.0"
description = "A library for working with the color formats defined by HTML and CSS."
category = "dev"
optional = false
python-versions = ">=3.8"

[package.extras]
docs = ["furo", "sphinx", "sphinx-copybutton", "sphinx-inline-tabs", "sphinx-notfound-page", "sphinxext-opengraph"]
tests = ["coverage"]

[[package]]
name = "wrapt"
version = "1.16.0"
description = "Module for decorators, wrappers and monkey patching."
category = "main"
optional = false
python-versions = ">=3.6"

[[package]]
name = "zipp"
version = "3.19.2"
description = "Backport of pathlib-compatible object wrapper for zip files"
category = "dev"
optional = false
python-versions = ">=3.8"

[package.extras]
doc = ["sphinx (>=3.5)", "jaraco.packaging (>=9.3)", "rst.linker (>=1.9)", "furo", "sphinx-lint", "jaraco.tidelift (>=1.4)"]
test = ["pytest (>=6,<8.1.0 || >=8.2.0)", "pytest-checkdocs (>=2.4)", "pytest-cov", "pytest-mypy", "pytest-enabler (>=2.2)", "pytest-ruff (>=0.2.1)", "jaraco.itertools", "jaraco.functools", "more-itertools", "big-o", "pytest-ignore-flaky", "jaraco.test", "importlib-resources"]

[extras]
docs = []

[metadata]
lock-version = "1.1"
python-versions = "^3.9"
content-hash = "81d3ac12af995549849efe0f958f92e7d52bf30f96791b6f84e539b533901b08"

[metadata.files]
annotated-types = []
antlr4-python3-runtime = []
arrow = []
attrs = []
beautifulsoup4 = []
bioregistry = []
cachetools = []
certifi = []
cfgraph = []
chardet = []
charset-normalizer = []
click = []
colorama = []
curies = []
daff = []
deprecated = []
editorconfig = []
et-xmlfile = []
exceptiongroup = []
fqdn = []
ghp-import = []
google = []
google-api-core = []
google-api-python-client = []
google-auth = []
google-auth-httplib2 = []
google-auth-oauthlib = []
googleapis-common-protos = []
graphviz = []
greenlet = []
gspread = []
gspread-formatting = []
hbreader = []
httplib2 = []
idna = []
importlib-metadata = []
iniconfig = []
isodate = []
isoduration = []
jinja2 = []
jsbeautifier = []
json-flattener = []
jsonasobj = []
jsonasobj2 = []
jsonpatch = []
jsonpath-ng = []
jsonpointer = []
jsonschema = []
jsonschema-specifications = []
linkml = []
linkml-dataops = []
linkml-runtime = []
markdown = []
markupsafe = []
mergedeep = []
mkdocs = []
mkdocs-get-deps = []
mkdocs-material = []
mkdocs-material-extensions = []
mkdocs-mermaid2-plugin = []
more-click = []
oauthlib = []
ontodev-cogs = []
openpyxl = []
packaging = []
parse = []
pathspec = []
platformdirs = []
pluggy = []
ply = []
prefixcommons = []
prefixmaps = []
proto-plus = []
protobuf = []
pyasn1 = []
pyasn1-modules = []
pydantic = []
pydantic-core = []
pygments = []
pyjsg = []
pymdown-extensions = []
pyparsing = []
pyshex = []
pyshexc = []
pystow = []
pytest = []
pytest-logging = []
python-dateutil = []
pytrie = []
pyyaml = []
pyyaml-env-tag = []
rdflib = []
rdflib-jsonld = []
rdflib-shim = []
referencing = []
requests = []
requests-oauthlib = []
rfc3339-validator = []
rfc3987 = []
rpds-py = []
rsa = []
"ruamel.yaml" = []
"ruamel.yaml.clib" = []
schemasheets = []
shexjsg = []
six = []
sortedcontainers = []
soupsieve = []
sparqlslurper = []
sparqlwrapper = []
sqlalchemy = []
tabulate = []
termcolor = []
tomli = []
tqdm = []
types-python-dateutil = []
typing-extensions = []
uri-template = []
uritemplate = []
urllib3 = []
watchdog = []
webcolors = []
wrapt = []
zipp = []
